{
  "name": "js-sugar-date",
  "version": "1.0.0",
  "lockfileVersion": 1,
  "requires": true,
  "dependencies": {
    "@js-sugar/date": {
      "version": "1.0.0-alpha.1",
      "resolved": "https://registry.npmjs.org/@js-sugar/date/-/date-1.0.0-alpha.1.tgz",
      "integrity": "sha512-Dkiqicz1o8LUr5l3G5bfo+uCjvl+6SJSstKbWhyyAFVjS3nqRW+u6w6tZctUTtZMcYy3yRDYF1+sWH3G7bqjbQ=="
    }
  }
}
